// !$*UTF8*$!
{
	archiveVersion = 1;
	classes = {
	};
	objectVersion = 51;
	objects = {

/* Begin PBXBuildFile section */
		1498D2341E8E89220040F4C2 /* GeneratedPluginRegistrant.m in Sources */ = {isa = PBXBuildFile; fileRef = 1498D2331E8E89220040F4C2 /* GeneratedPluginRegistrant.m */; };
		3B3967161E833CAA004F5970 /* AppFrameworkInfo.plist in Resources */ = {isa = PBXBuildFile; fileRef = 3B3967151E833CAA004F5970 /* AppFrameworkInfo.plist */; };
		74858FAF1ED2DC5600515810 /* AppDelegate.swift in Sources */ = {isa = PBXBuildFile; fileRef = 74858FAE1ED2DC5600515810 /* AppDelegate.swift */; };
		97C146FC1CF9000F007C117D /* Main.storyboard in Resources */ = {isa = PBXBuildFile; fileRef = 97C146FA1CF9000F007C117D /* Main.storyboard */; };
		97C146FE1CF9000F007C117D /* Assets.xcassets in Resources */ = {isa = PBXBuildFile; fileRef = 97C146FD1CF9000F007C117D /* Assets.xcassets */; };
		97C147011CF9000F007C117D /* LaunchScreen.storyboard in Resources */ = {isa = PBXBuildFile; fileRef = 97C146FF1CF9000F007C117D /* LaunchScreen.storyboard */; };
		ABB600B97DD4F153C40500C7 /* Pods_Runner.framework in Frameworks */ = {isa = PBXBuildFile; fileRef = 555246F60360395A9A4BB4B7 /* Pods_Runner.framework */; };
		DD27F5942537100800678783 /* SystemUtil.m in Sources */ = {isa = PBXBuildFile; fileRef = DD27F5932537100800678783 /* SystemUtil.m */; };
		DD711D2325388D1C001F6DBC /* myimage.png in Resources */ = {isa = PBXBuildFile; fileRef = DD711D2225388D1C001F6DBC /* myimage.png */; };
		DD9E44B825347F2E00BDDE4C /* ShareTool.m in Sources */ = {isa = PBXBuildFile; fileRef = DD9E44B625347F2E00BDDE4C /* ShareTool.m */; };
		DD9E45482534A2FC00BDDE4C /* libWeChatSDK.a in Frameworks */ = {isa = PBXBuildFile; fileRef = DD9E452F2534A2FC00BDDE4C /* libWeChatSDK.a */; };
		DD9E45492534A2FC00BDDE4C /* libAPOpenSdk.a in Frameworks */ = {isa = PBXBuildFile; fileRef = DD9E45312534A2FC00BDDE4C /* libAPOpenSdk.a */; };
		DD9E454A2534A2FC00BDDE4C /* TencentOpenAPI.framework in Frameworks */ = {isa = PBXBuildFile; fileRef = DD9E45352534A2FC00BDDE4C /* TencentOpenAPI.framework */; };
		DD9E454B2534A2FC00BDDE4C /* ShareSDKConnector.framework in Frameworks */ = {isa = PBXBuildFile; fileRef = DD9E45372534A2FC00BDDE4C /* ShareSDKConnector.framework */; };
		DD9E454C2534A2FC00BDDE4C /* ShareSDK.bundle in Resources */ = {isa = PBXBuildFile; fileRef = DD9E45382534A2FC00BDDE4C /* ShareSDK.bundle */; };
		DD9E454D2534A2FC00BDDE4C /* ShareSDKUI.bundle in Resources */ = {isa = PBXBuildFile; fileRef = DD9E453A2534A2FC00BDDE4C /* ShareSDKUI.bundle */; };
		DD9E454E2534A2FC00BDDE4C /* ShareSDKLink.framework in Frameworks */ = {isa = PBXBuildFile; fileRef = DD9E453B2534A2FC00BDDE4C /* ShareSDKLink.framework */; };
		DD9E454F2534A2FC00BDDE4C /* ShareSDKConfigFile.framework in Frameworks */ = {isa = PBXBuildFile; fileRef = DD9E453C2534A2FC00BDDE4C /* ShareSDKConfigFile.framework */; };
		DD9E45502534A2FC00BDDE4C /* ShareSDKExtension.framework in Frameworks */ = {isa = PBXBuildFile; fileRef = DD9E453D2534A2FC00BDDE4C /* ShareSDKExtension.framework */; };
		DD9E45512534A2FC00BDDE4C /* ShareSDKUI.framework in Frameworks */ = {isa = PBXBuildFile; fileRef = DD9E453E2534A2FC00BDDE4C /* ShareSDKUI.framework */; };
		DD9E45522534A2FC00BDDE4C /* ShareSDKConfigFile.bundle in Resources */ = {isa = PBXBuildFile; fileRef = DD9E453F2534A2FC00BDDE4C /* ShareSDKConfigFile.bundle */; };
		DD9E45532534A2FC00BDDE4C /* AliSocialConnector.framework in Frameworks */ = {isa = PBXBuildFile; fileRef = DD9E45412534A2FC00BDDE4C /* AliSocialConnector.framework */; };
		DD9E45542534A2FC00BDDE4C /* QQConnector.framework in Frameworks */ = {isa = PBXBuildFile; fileRef = DD9E45422534A2FC00BDDE4C /* QQConnector.framework */; };
		DD9E45552534A2FC00BDDE4C /* WechatConnector.framework in Frameworks */ = {isa = PBXBuildFile; fileRef = DD9E45432534A2FC00BDDE4C /* WechatConnector.framework */; };
		DD9E45562534A2FC00BDDE4C /* ShareSDK.framework in Frameworks */ = {isa = PBXBuildFile; fileRef = DD9E45442534A2FC00BDDE4C /* ShareSDK.framework */; };
		DD9E45572534A2FC00BDDE4C /* MobApm.framework in Frameworks */ = {isa = PBXBuildFile; fileRef = DD9E45462534A2FC00BDDE4C /* MobApm.framework */; };
		DD9E45582534A2FC00BDDE4C /* MOBFoundation.framework in Frameworks */ = {isa = PBXBuildFile; fileRef = DD9E45472534A2FC00BDDE4C /* MOBFoundation.framework */; };
		DDAC739D252FFD8000DB49CD /* iflyMSC.framework in Frameworks */ = {isa = PBXBuildFile; fileRef = DDAC739C252FFD8000DB49CD /* iflyMSC.framework */; };
		DDAC73AC252FFDBC00DB49CD /* libc++.tbd in Frameworks */ = {isa = PBXBuildFile; fileRef = DDAC73A2252FFDBB00DB49CD /* libc++.tbd */; };
		DDAC73AD252FFDBC00DB49CD /* libz.tbd in Frameworks */ = {isa = PBXBuildFile; fileRef = DDAC73A1252FFDBB00DB49CD /* libz.tbd */; };
		DDAC73B0253000C300DB49CD /* SpeakerUtil.m in Sources */ = {isa = PBXBuildFile; fileRef = DDAC73AF253000C300DB49CD /* SpeakerUtil.m */; };
		DDC17F65252DC2A4000B747E /* NavigationTool.m in Sources */ = {isa = PBXBuildFile; fileRef = DDC17F64252DC2A4000B747E /* NavigationTool.m */; };
/* End PBXBuildFile section */

/* Begin PBXCopyFilesBuildPhase section */
		9705A1C41CF9048500538489 /* Embed Frameworks */ = {
			isa = PBXCopyFilesBuildPhase;
			buildActionMask = 2147483647;
			dstPath = "";
			dstSubfolderSpec = 10;
			files = (
			);
			name = "Embed Frameworks";
			runOnlyForDeploymentPostprocessing = 0;
		};
/* End PBXCopyFilesBuildPhase section */

/* Begin PBXFileReference section */
		1498D2321E8E86230040F4C2 /* GeneratedPluginRegistrant.h */ = {isa = PBXFileReference; lastKnownFileType = sourcecode.c.h; path = GeneratedPluginRegistrant.h; sourceTree = "<group>"; };
		1498D2331E8E89220040F4C2 /* GeneratedPluginRegistrant.m */ = {isa = PBXFileReference; fileEncoding = 4; lastKnownFileType = sourcecode.c.objc; path = GeneratedPluginRegistrant.m; sourceTree = "<group>"; };
		3B3967151E833CAA004F5970 /* AppFrameworkInfo.plist */ = {isa = PBXFileReference; fileEncoding = 4; lastKnownFileType = text.plist.xml; name = AppFrameworkInfo.plist; path = Flutter/AppFrameworkInfo.plist; sourceTree = "<group>"; };
		47767359814A6CEB44195512 /* Pods-Runner.debug.xcconfig */ = {isa = PBXFileReference; includeInIndex = 1; lastKnownFileType = text.xcconfig; name = "Pods-Runner.debug.xcconfig"; path = "Target Support Files/Pods-Runner/Pods-Runner.debug.xcconfig"; sourceTree = "<group>"; };
		555246F60360395A9A4BB4B7 /* Pods_Runner.framework */ = {isa = PBXFileReference; explicitFileType = wrapper.framework; includeInIndex = 0; path = Pods_Runner.framework; sourceTree = BUILT_PRODUCTS_DIR; };
		63E5174F8A1471ACB4D2C4D2 /* Pods-Runner.release.xcconfig */ = {isa = PBXFileReference; includeInIndex = 1; lastKnownFileType = text.xcconfig; name = "Pods-Runner.release.xcconfig"; path = "Target Support Files/Pods-Runner/Pods-Runner.release.xcconfig"; sourceTree = "<group>"; };
		74858FAD1ED2DC5600515810 /* Runner-Bridging-Header.h */ = {isa = PBXFileReference; lastKnownFileType = sourcecode.c.h; path = "Runner-Bridging-Header.h"; sourceTree = "<group>"; };
		74858FAE1ED2DC5600515810 /* AppDelegate.swift */ = {isa = PBXFileReference; fileEncoding = 4; lastKnownFileType = sourcecode.swift; path = AppDelegate.swift; sourceTree = "<group>"; };
		7AFA3C8E1D35360C0083082E /* Release.xcconfig */ = {isa = PBXFileReference; lastKnownFileType = text.xcconfig; name = Release.xcconfig; path = Flutter/Release.xcconfig; sourceTree = "<group>"; };
		9740EEB21CF90195004384FC /* Debug.xcconfig */ = {isa = PBXFileReference; fileEncoding = 4; lastKnownFileType = text.xcconfig; name = Debug.xcconfig; path = Flutter/Debug.xcconfig; sourceTree = "<group>"; };
		9740EEB31CF90195004384FC /* Generated.xcconfig */ = {isa = PBXFileReference; fileEncoding = 4; lastKnownFileType = text.xcconfig; name = Generated.xcconfig; path = Flutter/Generated.xcconfig; sourceTree = "<group>"; };
		97C146EE1CF9000F007C117D /* Runner.app */ = {isa = PBXFileReference; explicitFileType = wrapper.application; includeInIndex = 0; path = Runner.app; sourceTree = BUILT_PRODUCTS_DIR; };
		97C146FB1CF9000F007C117D /* Base */ = {isa = PBXFileReference; lastKnownFileType = file.storyboard; name = Base; path = Base.lproj/Main.storyboard; sourceTree = "<group>"; };
		97C146FD1CF9000F007C117D /* Assets.xcassets */ = {isa = PBXFileReference; lastKnownFileType = folder.assetcatalog; path = Assets.xcassets; sourceTree = "<group>"; };
		97C147001CF9000F007C117D /* Base */ = {isa = PBXFileReference; lastKnownFileType = file.storyboard; name = Base; path = Base.lproj/LaunchScreen.storyboard; sourceTree = "<group>"; };
		97C147021CF9000F007C117D /* Info.plist */ = {isa = PBXFileReference; lastKnownFileType = text.plist.xml; path = Info.plist; sourceTree = "<group>"; };
		B6F4710E671649EC15EC6E38 /* Pods-Runner.profile.xcconfig */ = {isa = PBXFileReference; includeInIndex = 1; lastKnownFileType = text.xcconfig; name = "Pods-Runner.profile.xcconfig"; path = "Target Support Files/Pods-Runner/Pods-Runner.profile.xcconfig"; sourceTree = "<group>"; };
		DD27F5922537100800678783 /* SystemUtil.h */ = {isa = PBXFileReference; fileEncoding = 4; lastKnownFileType = sourcecode.c.h; path = SystemUtil.h; sourceTree = "<group>"; };
		DD27F5932537100800678783 /* SystemUtil.m */ = {isa = PBXFileReference; fileEncoding = 4; lastKnownFileType = sourcecode.c.objc; path = SystemUtil.m; sourceTree = "<group>"; };
		DD711D2225388D1C001F6DBC /* myimage.png */ = {isa = PBXFileReference; lastKnownFileType = image.png; path = myimage.png; sourceTree = "<group>"; };
		DD9E44B625347F2E00BDDE4C /* ShareTool.m */ = {isa = PBXFileReference; fileEncoding = 4; lastKnownFileType = sourcecode.c.objc; path = ShareTool.m; sourceTree = "<group>"; };
		DD9E44B725347F2E00BDDE4C /* ShareTool.h */ = {isa = PBXFileReference; fileEncoding = 4; lastKnownFileType = sourcecode.c.h; path = ShareTool.h; sourceTree = "<group>"; };
		DD9E452C2534A2FC00BDDE4C /* WXApi.h */ = {isa = PBXFileReference; fileEncoding = 4; lastKnownFileType = sourcecode.c.h; path = WXApi.h; sourceTree = "<group>"; };
		DD9E452D2534A2FC00BDDE4C /* WXApiObject.h */ = {isa = PBXFileReference; fileEncoding = 4; lastKnownFileType = sourcecode.c.h; path = WXApiObject.h; sourceTree = "<group>"; };
		DD9E452E2534A2FC00BDDE4C /* WechatAuthSDK.h */ = {isa = PBXFileReference; fileEncoding = 4; lastKnownFileType = sourcecode.c.h; path = WechatAuthSDK.h; sourceTree = "<group>"; };
		DD9E452F2534A2FC00BDDE4C /* libWeChatSDK.a */ = {isa = PBXFileReference; lastKnownFileType = archive.ar; path = libWeChatSDK.a; sourceTree = "<group>"; };
		DD9E45312534A2FC00BDDE4C /* libAPOpenSdk.a */ = {isa = PBXFileReference; lastKnownFileType = archive.ar; path = libAPOpenSdk.a; sourceTree = "<group>"; };
		DD9E45322534A2FC00BDDE4C /* APOpenAPIObject.h */ = {isa = PBXFileReference; fileEncoding = 4; lastKnownFileType = sourcecode.c.h; path = APOpenAPIObject.h; sourceTree = "<group>"; };
		DD9E45332534A2FC00BDDE4C /* APOpenAPI.h */ = {isa = PBXFileReference; fileEncoding = 4; lastKnownFileType = sourcecode.c.h; path = APOpenAPI.h; sourceTree = "<group>"; };
		DD9E45352534A2FC00BDDE4C /* TencentOpenAPI.framework */ = {isa = PBXFileReference; lastKnownFileType = wrapper.framework; path = TencentOpenAPI.framework; sourceTree = "<group>"; };
		DD9E45372534A2FC00BDDE4C /* ShareSDKConnector.framework */ = {isa = PBXFileReference; lastKnownFileType = wrapper.framework; path = ShareSDKConnector.framework; sourceTree = "<group>"; };
		DD9E45382534A2FC00BDDE4C /* ShareSDK.bundle */ = {isa = PBXFileReference; lastKnownFileType = "wrapper.plug-in"; path = ShareSDK.bundle; sourceTree = "<group>"; };
		DD9E453A2534A2FC00BDDE4C /* ShareSDKUI.bundle */ = {isa = PBXFileReference; lastKnownFileType = "wrapper.plug-in"; path = ShareSDKUI.bundle; sourceTree = "<group>"; };
		DD9E453B2534A2FC00BDDE4C /* ShareSDKLink.framework */ = {isa = PBXFileReference; lastKnownFileType = wrapper.framework; path = ShareSDKLink.framework; sourceTree = "<group>"; };
		DD9E453C2534A2FC00BDDE4C /* ShareSDKConfigFile.framework */ = {isa = PBXFileReference; lastKnownFileType = wrapper.framework; path = ShareSDKConfigFile.framework; sourceTree = "<group>"; };
		DD9E453D2534A2FC00BDDE4C /* ShareSDKExtension.framework */ = {isa = PBXFileReference; lastKnownFileType = wrapper.framework; path = ShareSDKExtension.framework; sourceTree = "<group>"; };
		DD9E453E2534A2FC00BDDE4C /* ShareSDKUI.framework */ = {isa = PBXFileReference; lastKnownFileType = wrapper.framework; path = ShareSDKUI.framework; sourceTree = "<group>"; };
		DD9E453F2534A2FC00BDDE4C /* ShareSDKConfigFile.bundle */ = {isa = PBXFileReference; lastKnownFileType = "wrapper.plug-in"; path = ShareSDKConfigFile.bundle; sourceTree = "<group>"; };
		DD9E45412534A2FC00BDDE4C /* AliSocialConnector.framework */ = {isa = PBXFileReference; lastKnownFileType = wrapper.framework; path = AliSocialConnector.framework; sourceTree = "<group>"; };
		DD9E45422534A2FC00BDDE4C /* QQConnector.framework */ = {isa = PBXFileReference; lastKnownFileType = wrapper.framework; path = QQConnector.framework; sourceTree = "<group>"; };
		DD9E45432534A2FC00BDDE4C /* WechatConnector.framework */ = {isa = PBXFileReference; lastKnownFileType = wrapper.framework; path = WechatConnector.framework; sourceTree = "<group>"; };
		DD9E45442534A2FC00BDDE4C /* ShareSDK.framework */ = {isa = PBXFileReference; lastKnownFileType = wrapper.framework; path = ShareSDK.framework; sourceTree = "<group>"; };
		DD9E45462534A2FC00BDDE4C /* MobApm.framework */ = {isa = PBXFileReference; lastKnownFileType = wrapper.framework; path = MobApm.framework; sourceTree = "<group>"; };
		DD9E45472534A2FC00BDDE4C /* MOBFoundation.framework */ = {isa = PBXFileReference; lastKnownFileType = wrapper.framework; path = MOBFoundation.framework; sourceTree = "<group>"; };
		DDAC739C252FFD8000DB49CD /* iflyMSC.framework */ = {isa = PBXFileReference; lastKnownFileType = wrapper.framework; path = iflyMSC.framework; sourceTree = "<group>"; };
		DDAC739E252FFDBB00DB49CD /* AudioToolbox.framework */ = {isa = PBXFileReference; lastKnownFileType = wrapper.framework; name = AudioToolbox.framework; path = System/Library/Frameworks/AudioToolbox.framework; sourceTree = SDKROOT; };
		DDAC739F252FFDBB00DB49CD /* CoreTelephony.framework */ = {isa = PBXFileReference; lastKnownFileType = wrapper.framework; name = CoreTelephony.framework; path = System/Library/Frameworks/CoreTelephony.framework; sourceTree = SDKROOT; };
		DDAC73A0252FFDBB00DB49CD /* AddressBook.framework */ = {isa = PBXFileReference; lastKnownFileType = wrapper.framework; name = AddressBook.framework; path = System/Library/Frameworks/AddressBook.framework; sourceTree = SDKROOT; };
		DDAC73A1252FFDBB00DB49CD /* libz.tbd */ = {isa = PBXFileReference; lastKnownFileType = "sourcecode.text-based-dylib-definition"; name = libz.tbd; path = usr/lib/libz.tbd; sourceTree = SDKROOT; };
		DDAC73A2252FFDBB00DB49CD /* libc++.tbd */ = {isa = PBXFileReference; lastKnownFileType = "sourcecode.text-based-dylib-definition"; name = "libc++.tbd"; path = "usr/lib/libc++.tbd"; sourceTree = SDKROOT; };
		DDAC73A3252FFDBB00DB49CD /* Foundation.framework */ = {isa = PBXFileReference; lastKnownFileType = wrapper.framework; name = Foundation.framework; path = System/Library/Frameworks/Foundation.framework; sourceTree = SDKROOT; };
		DDAC73A4252FFDBC00DB49CD /* Contacts.framework */ = {isa = PBXFileReference; lastKnownFileType = wrapper.framework; name = Contacts.framework; path = System/Library/Frameworks/Contacts.framework; sourceTree = SDKROOT; };
		DDAC73A5252FFDBC00DB49CD /* CoreGraphics.framework */ = {isa = PBXFileReference; lastKnownFileType = wrapper.framework; name = CoreGraphics.framework; path = System/Library/Frameworks/CoreGraphics.framework; sourceTree = SDKROOT; };
		DDAC73A6252FFDBC00DB49CD /* AVFoundation.framework */ = {isa = PBXFileReference; lastKnownFileType = wrapper.framework; name = AVFoundation.framework; path = System/Library/Frameworks/AVFoundation.framework; sourceTree = SDKROOT; };
		DDAC73A7252FFDBC00DB49CD /* UIKit.framework */ = {isa = PBXFileReference; lastKnownFileType = wrapper.framework; name = UIKit.framework; path = System/Library/Frameworks/UIKit.framework; sourceTree = SDKROOT; };
		DDAC73A8252FFDBC00DB49CD /* QuartzCore.framework */ = {isa = PBXFileReference; lastKnownFileType = wrapper.framework; name = QuartzCore.framework; path = System/Library/Frameworks/QuartzCore.framework; sourceTree = SDKROOT; };
		DDAC73A9252FFDBC00DB49CD /* CoreLocation.framework */ = {isa = PBXFileReference; lastKnownFileType = wrapper.framework; name = CoreLocation.framework; path = System/Library/Frameworks/CoreLocation.framework; sourceTree = SDKROOT; };
		DDAC73AA252FFDBC00DB49CD /* SystemConfiguration.framework */ = {isa = PBXFileReference; lastKnownFileType = wrapper.framework; name = SystemConfiguration.framework; path = System/Library/Frameworks/SystemConfiguration.framework; sourceTree = SDKROOT; };
		DDAC73AB252FFDBC00DB49CD /* AuthenticationServices.framework */ = {isa = PBXFileReference; lastKnownFileType = wrapper.framework; name = AuthenticationServices.framework; path = System/Library/Frameworks/AuthenticationServices.framework; sourceTree = SDKROOT; };
		DDAC73AE253000C300DB49CD /* SpeakerUtil.h */ = {isa = PBXFileReference; fileEncoding = 4; lastKnownFileType = sourcecode.c.h; path = SpeakerUtil.h; sourceTree = "<group>"; };
		DDAC73AF253000C300DB49CD /* SpeakerUtil.m */ = {isa = PBXFileReference; fileEncoding = 4; lastKnownFileType = sourcecode.c.objc; path = SpeakerUtil.m; sourceTree = "<group>"; };
		DDC17F63252DC298000B747E /* NavigationTool.h */ = {isa = PBXFileReference; lastKnownFileType = sourcecode.c.h; path = NavigationTool.h; sourceTree = "<group>"; };
		DDC17F64252DC2A4000B747E /* NavigationTool.m */ = {isa = PBXFileReference; fileEncoding = 4; lastKnownFileType = sourcecode.c.objc; path = NavigationTool.m; sourceTree = "<group>"; };
/* End PBXFileReference section */

/* Begin PBXFrameworksBuildPhase section */
		97C146EB1CF9000F007C117D /* Frameworks */ = {
			isa = PBXFrameworksBuildPhase;
			buildActionMask = 2147483647;
			files = (
				DDAC73AC252FFDBC00DB49CD /* libc++.tbd in Frameworks */,
				DDAC73AD252FFDBC00DB49CD /* libz.tbd in Frameworks */,
				DD9E454E2534A2FC00BDDE4C /* ShareSDKLink.framework in Frameworks */,
				DD9E45562534A2FC00BDDE4C /* ShareSDK.framework in Frameworks */,
				DDAC739D252FFD8000DB49CD /* iflyMSC.framework in Frameworks */,
				DD9E45542534A2FC00BDDE4C /* QQConnector.framework in Frameworks */,
				DD9E45582534A2FC00BDDE4C /* MOBFoundation.framework in Frameworks */,
				DD9E45492534A2FC00BDDE4C /* libAPOpenSdk.a in Frameworks */,
				DD9E454F2534A2FC00BDDE4C /* ShareSDKConfigFile.framework in Frameworks */,
				ABB600B97DD4F153C40500C7 /* Pods_Runner.framework in Frameworks */,
				DD9E45512534A2FC00BDDE4C /* ShareSDKUI.framework in Frameworks */,
				DD9E454A2534A2FC00BDDE4C /* TencentOpenAPI.framework in Frameworks */,
				DD9E45552534A2FC00BDDE4C /* WechatConnector.framework in Frameworks */,
				DD9E45572534A2FC00BDDE4C /* MobApm.framework in Frameworks */,
				DD9E45482534A2FC00BDDE4C /* libWeChatSDK.a in Frameworks */,
				DD9E45502534A2FC00BDDE4C /* ShareSDKExtension.framework in Frameworks */,
				DD9E454B2534A2FC00BDDE4C /* ShareSDKConnector.framework in Frameworks */,
				DD9E45532534A2FC00BDDE4C /* AliSocialConnector.framework in Frameworks */,
			);
			runOnlyForDeploymentPostprocessing = 0;
		};
/* End PBXFrameworksBuildPhase section */

/* Begin PBXGroup section */
		9740EEB11CF90186004384FC /* Flutter */ = {
			isa = PBXGroup;
			children = (
				3B3967151E833CAA004F5970 /* AppFrameworkInfo.plist */,
				9740EEB21CF90195004384FC /* Debug.xcconfig */,
				7AFA3C8E1D35360C0083082E /* Release.xcconfig */,
				9740EEB31CF90195004384FC /* Generated.xcconfig */,
			);
			name = Flutter;
			sourceTree = "<group>";
		};
		97C146E51CF9000F007C117D = {
			isa = PBXGroup;
			children = (
				9740EEB11CF90186004384FC /* Flutter */,
				97C146F01CF9000F007C117D /* Runner */,
				97C146EF1CF9000F007C117D /* Products */,
				D7AB917B720A9DA8E65CF678 /* Pods */,
				E96C08A893942ACFE77F70B4 /* Frameworks */,
			);
			sourceTree = "<group>";
		};
		97C146EF1CF9000F007C117D /* Products */ = {
			isa = PBXGroup;
			children = (
				97C146EE1CF9000F007C117D /* Runner.app */,
			);
			name = Products;
			sourceTree = "<group>";
		};
		97C146F01CF9000F007C117D /* Runner */ = {
			isa = PBXGroup;
			children = (
				DD9E45272534A2FC00BDDE4C /* SDK */,
				74858FAE1ED2DC5600515810 /* AppDelegate.swift */,
				DD9E44B725347F2E00BDDE4C /* ShareTool.h */,
				DD9E44B625347F2E00BDDE4C /* ShareTool.m */,
				DDAC73AE253000C300DB49CD /* SpeakerUtil.h */,
				DDAC73AF253000C300DB49CD /* SpeakerUtil.m */,
				DDC17F63252DC298000B747E /* NavigationTool.h */,
				DDC17F64252DC2A4000B747E /* NavigationTool.m */,
				97C146FD1CF9000F007C117D /* Assets.xcassets */,
				1498D2321E8E86230040F4C2 /* GeneratedPluginRegistrant.h */,
				1498D2331E8E89220040F4C2 /* GeneratedPluginRegistrant.m */,
				97C147021CF9000F007C117D /* Info.plist */,
				97C146FF1CF9000F007C117D /* LaunchScreen.storyboard */,
				97C146FA1CF9000F007C117D /* Main.storyboard */,
				74858FAD1ED2DC5600515810 /* Runner-Bridging-Header.h */,
				DD27F5922537100800678783 /* SystemUtil.h */,
				DD27F5932537100800678783 /* SystemUtil.m */,
				DD711D2225388D1C001F6DBC /* myimage.png */,
			);
			path = Runner;
			sourceTree = "<group>";
		};
		D7AB917B720A9DA8E65CF678 /* Pods */ = {
			isa = PBXGroup;
			children = (
				47767359814A6CEB44195512 /* Pods-Runner.debug.xcconfig */,
				63E5174F8A1471ACB4D2C4D2 /* Pods-Runner.release.xcconfig */,
				B6F4710E671649EC15EC6E38 /* Pods-Runner.profile.xcconfig */,
			);
			path = Pods;
			sourceTree = "<group>";
		};
		DD9E45272534A2FC00BDDE4C /* SDK */ = {
			isa = PBXGroup;
			children = (
				DD9E45282534A2FC00BDDE4C /* ShareSDK */,
				DD9E45452534A2FC00BDDE4C /* Required */,
			);
			path = SDK;
			sourceTree = "<group>";
		};
		DD9E45282534A2FC00BDDE4C /* ShareSDK */ = {
			isa = PBXGroup;
			children = (
				DD9E45292534A2FC00BDDE4C /* Support */,
				DD9E45442534A2FC00BDDE4C /* ShareSDK.framework */,
			);
			path = ShareSDK;
			sourceTree = "<group>";
		};
		DD9E45292534A2FC00BDDE4C /* Support */ = {
			isa = PBXGroup;
			children = (
				DD9E452A2534A2FC00BDDE4C /* PlatformSDK */,
				DD9E45362534A2FC00BDDE4C /* Required */,
				DD9E45392534A2FC00BDDE4C /* Optional */,
				DD9E45402534A2FC00BDDE4C /* PlatformConnector */,
			);
			path = Support;
			sourceTree = "<group>";
		};
		DD9E452A2534A2FC00BDDE4C /* PlatformSDK */ = {
			isa = PBXGroup;
			children = (
				DD9E452B2534A2FC00BDDE4C /* WeChatSDK */,
				DD9E45302534A2FC00BDDE4C /* APSocialSDK */,
				DD9E45342534A2FC00BDDE4C /* QQSDK */,
			);
			path = PlatformSDK;
			sourceTree = "<group>";
		};
		DD9E452B2534A2FC00BDDE4C /* WeChatSDK */ = {
			isa = PBXGroup;
			children = (
				DD9E452C2534A2FC00BDDE4C /* WXApi.h */,
				DD9E452D2534A2FC00BDDE4C /* WXApiObject.h */,
				DD9E452E2534A2FC00BDDE4C /* WechatAuthSDK.h */,
				DD9E452F2534A2FC00BDDE4C /* libWeChatSDK.a */,
			);
			path = WeChatSDK;
			sourceTree = "<group>";
		};
		DD9E45302534A2FC00BDDE4C /* APSocialSDK */ = {
			isa = PBXGroup;
			children = (
				DD9E45312534A2FC00BDDE4C /* libAPOpenSdk.a */,
				DD9E45322534A2FC00BDDE4C /* APOpenAPIObject.h */,
				DD9E45332534A2FC00BDDE4C /* APOpenAPI.h */,
			);
			path = APSocialSDK;
			sourceTree = "<group>";
		};
		DD9E45342534A2FC00BDDE4C /* QQSDK */ = {
			isa = PBXGroup;
			children = (
				DD9E45352534A2FC00BDDE4C /* TencentOpenAPI.framework */,
			);
			path = QQSDK;
			sourceTree = "<group>";
		};
		DD9E45362534A2FC00BDDE4C /* Required */ = {
			isa = PBXGroup;
			children = (
				DD9E45372534A2FC00BDDE4C /* ShareSDKConnector.framework */,
				DD9E45382534A2FC00BDDE4C /* ShareSDK.bundle */,
			);
			path = Required;
			sourceTree = "<group>";
		};
		DD9E45392534A2FC00BDDE4C /* Optional */ = {
			isa = PBXGroup;
			children = (
				DD9E453A2534A2FC00BDDE4C /* ShareSDKUI.bundle */,
				DD9E453B2534A2FC00BDDE4C /* ShareSDKLink.framework */,
				DD9E453C2534A2FC00BDDE4C /* ShareSDKConfigFile.framework */,
				DD9E453D2534A2FC00BDDE4C /* ShareSDKExtension.framework */,
				DD9E453E2534A2FC00BDDE4C /* ShareSDKUI.framework */,
				DD9E453F2534A2FC00BDDE4C /* ShareSDKConfigFile.bundle */,
			);
			path = Optional;
			sourceTree = "<group>";
		};
		DD9E45402534A2FC00BDDE4C /* PlatformConnector */ = {
			isa = PBXGroup;
			children = (
				DD9E45412534A2FC00BDDE4C /* AliSocialConnector.framework */,
				DD9E45422534A2FC00BDDE4C /* QQConnector.framework */,
				DD9E45432534A2FC00BDDE4C /* WechatConnector.framework */,
			);
			path = PlatformConnector;
			sourceTree = "<group>";
		};
		DD9E45452534A2FC00BDDE4C /* Required */ = {
			isa = PBXGroup;
			children = (
				DD9E45462534A2FC00BDDE4C /* MobApm.framework */,
				DD9E45472534A2FC00BDDE4C /* MOBFoundation.framework */,
			);
			path = Required;
			sourceTree = "<group>";
		};
		E96C08A893942ACFE77F70B4 /* Frameworks */ = {
			isa = PBXGroup;
			children = (
				DDAC73A0252FFDBB00DB49CD /* AddressBook.framework */,
				DDAC739E252FFDBB00DB49CD /* AudioToolbox.framework */,
				DDAC73AB252FFDBC00DB49CD /* AuthenticationServices.framework */,
				DDAC73A6252FFDBC00DB49CD /* AVFoundation.framework */,
				DDAC73A4252FFDBC00DB49CD /* Contacts.framework */,
				DDAC73A5252FFDBC00DB49CD /* CoreGraphics.framework */,
				DDAC73A9252FFDBC00DB49CD /* CoreLocation.framework */,
				DDAC739F252FFDBB00DB49CD /* CoreTelephony.framework */,
				DDAC73A3252FFDBB00DB49CD /* Foundation.framework */,
				DDAC73A2252FFDBB00DB49CD /* libc++.tbd */,
				DDAC73A1252FFDBB00DB49CD /* libz.tbd */,
				DDAC73A8252FFDBC00DB49CD /* QuartzCore.framework */,
				DDAC73AA252FFDBC00DB49CD /* SystemConfiguration.framework */,
				DDAC73A7252FFDBC00DB49CD /* UIKit.framework */,
				DDAC739C252FFD8000DB49CD /* iflyMSC.framework */,
				555246F60360395A9A4BB4B7 /* Pods_Runner.framework */,
			);
			name = Frameworks;
			sourceTree = "<group>";
		};
/* End PBXGroup section */

/* Begin PBXNativeTarget section */
		97C146ED1CF9000F007C117D /* Runner */ = {
			isa = PBXNativeTarget;
			buildConfigurationList = 97C147051CF9000F007C117D /* Build configuration list for PBXNativeTarget "Runner" */;
			buildPhases = (
				2F234A61410AB9AF0F437776 /* [CP] Check Pods Manifest.lock */,
				9740EEB61CF901F6004384FC /* Run Script */,
				97C146EA1CF9000F007C117D /* Sources */,
				97C146EB1CF9000F007C117D /* Frameworks */,
				97C146EC1CF9000F007C117D /* Resources */,
				9705A1C41CF9048500538489 /* Embed Frameworks */,
				3B06AD1E1E4923F5004D2608 /* Thin Binary */,
				B9ECAF27AA26A2C2149411CE /* [CP] Embed Pods Frameworks */,
				53A6BEBD293E48ACAB49FB1E /* [CP] Copy Pods Resources */,
			);
			buildRules = (
			);
			dependencies = (
			);
			name = Runner;
			productName = Runner;
			productReference = 97C146EE1CF9000F007C117D /* Runner.app */;
			productType = "com.apple.product-type.application";
		};
/* End PBXNativeTarget section */

/* Begin PBXProject section */
		97C146E61CF9000F007C117D /* Project object */ = {
			isa = PBXProject;
			attributes = {
				LastUpgradeCheck = 1020;
				ORGANIZATIONNAME = "";
				TargetAttributes = {
					97C146ED1CF9000F007C117D = {
						CreatedOnToolsVersion = 7.3.1;
						LastSwiftMigration = 1100;
					};
				};
			};
			buildConfigurationList = 97C146E91CF9000F007C117D /* Build configuration list for PBXProject "Runner" */;
			compatibilityVersion = "Xcode 9.3";
			developmentRegion = en;
			hasScannedForEncodings = 0;
			knownRegions = (
				en,
				Base,
			);
			mainGroup = 97C146E51CF9000F007C117D;
			productRefGroup = 97C146EF1CF9000F007C117D /* Products */;
			projectDirPath = "";
			projectRoot = "";
			targets = (
				97C146ED1CF9000F007C117D /* Runner */,
			);
		};
/* End PBXProject section */

/* Begin PBXResourcesBuildPhase section */
		97C146EC1CF9000F007C117D /* Resources */ = {
			isa = PBXResourcesBuildPhase;
			buildActionMask = 2147483647;
			files = (
				DD9E45522534A2FC00BDDE4C /* ShareSDKConfigFile.bundle in Resources */,
				97C147011CF9000F007C117D /* LaunchScreen.storyboard in Resources */,
				DD9E454C2534A2FC00BDDE4C /* ShareSDK.bundle in Resources */,
				3B3967161E833CAA004F5970 /* AppFrameworkInfo.plist in Resources */,
				97C146FE1CF9000F007C117D /* Assets.xcassets in Resources */,
				DD9E454D2534A2FC00BDDE4C /* ShareSDKUI.bundle in Resources */,
				97C146FC1CF9000F007C117D /* Main.storyboard in Resources */,
				DD711D2325388D1C001F6DBC /* myimage.png in Resources */,
			);
			runOnlyForDeploymentPostprocessing = 0;
		};
/* End PBXResourcesBuildPhase section */

/* Begin PBXShellScriptBuildPhase section */
		2F234A61410AB9AF0F437776 /* [CP] Check Pods Manifest.lock */ = {
			isa = PBXShellScriptBuildPhase;
			buildActionMask = 2147483647;
			files = (
			);
			inputFileListPaths = (
			);
			inputPaths = (
				"${PODS_PODFILE_DIR_PATH}/Podfile.lock",
				"${PODS_ROOT}/Manifest.lock",
			);
			name = "[CP] Check Pods Manifest.lock";
			outputFileListPaths = (
			);
			outputPaths = (
				"$(DERIVED_FILE_DIR)/Pods-Runner-checkManifestLockResult.txt",
			);
			runOnlyForDeploymentPostprocessing = 0;
			shellPath = /bin/sh;
			shellScript = "diff \"${PODS_PODFILE_DIR_PATH}/Podfile.lock\" \"${PODS_ROOT}/Manifest.lock\" > /dev/null\nif [ $? != 0 ] ; then\n    # print error to STDERR\n    echo \"error: The sandbox is not in sync with the Podfile.lock. Run 'pod install' or update your CocoaPods installation.\" >&2\n    exit 1\nfi\n# This output is used by Xcode 'outputs' to avoid re-running this script phase.\necho \"SUCCESS\" > \"${SCRIPT_OUTPUT_FILE_0}\"\n";
			showEnvVarsInLog = 0;
		};
		3B06AD1E1E4923F5004D2608 /* Thin Binary */ = {
			isa = PBXShellScriptBuildPhase;
			buildActionMask = 2147483647;
			files = (
			);
			inputPaths = (
			);
			name = "Thin Binary";
			outputPaths = (
			);
			runOnlyForDeploymentPostprocessing = 0;
			shellPath = /bin/sh;
			shellScript = "/bin/sh \"$FLUTTER_ROOT/packages/flutter_tools/bin/xcode_backend.sh\" embed_and_thin";
		};
		53A6BEBD293E48ACAB49FB1E /* [CP] Copy Pods Resources */ = {
			isa = PBXShellScriptBuildPhase;
			buildActionMask = 2147483647;
			files = (
			);
			inputFileListPaths = (
				"${PODS_ROOT}/Target Support Files/Pods-Runner/Pods-Runner-resources-${CONFIGURATION}-input-files.xcfilelist",
			);
			name = "[CP] Copy Pods Resources";
			outputFileListPaths = (
				"${PODS_ROOT}/Target Support Files/Pods-Runner/Pods-Runner-resources-${CONFIGURATION}-output-files.xcfilelist",
			);
			runOnlyForDeploymentPostprocessing = 0;
			shellPath = /bin/sh;
			shellScript = "\"${PODS_ROOT}/Target Support Files/Pods-Runner/Pods-Runner-resources.sh\"\n";
			showEnvVarsInLog = 0;
		};
		9740EEB61CF901F6004384FC /* Run Script */ = {
			isa = PBXShellScriptBuildPhase;
			buildActionMask = 2147483647;
			files = (
			);
			inputPaths = (
			);
			name = "Run Script";
			outputPaths = (
			);
			runOnlyForDeploymentPostprocessing = 0;
			shellPath = /bin/sh;
			shellScript = "/bin/sh \"$FLUTTER_ROOT/packages/flutter_tools/bin/xcode_backend.sh\" build";
		};
		B9ECAF27AA26A2C2149411CE /* [CP] Embed Pods Frameworks */ = {
			isa = PBXShellScriptBuildPhase;
			buildActionMask = 2147483647;
			files = (
			);
			inputFileListPaths = (
				"${PODS_ROOT}/Target Support Files/Pods-Runner/Pods-Runner-frameworks-${CONFIGURATION}-input-files.xcfilelist",
			);
			name = "[CP] Embed Pods Frameworks";
			outputFileListPaths = (
				"${PODS_ROOT}/Target Support Files/Pods-Runner/Pods-Runner-frameworks-${CONFIGURATION}-output-files.xcfilelist",
			);
			runOnlyForDeploymentPostprocessing = 0;
			shellPath = /bin/sh;
			shellScript = "\"${PODS_ROOT}/Target Support Files/Pods-Runner/Pods-Runner-frameworks.sh\"\n";
			showEnvVarsInLog = 0;
		};
/* End PBXShellScriptBuildPhase section */

/* Begin PBXSourcesBuildPhase section */
		97C146EA1CF9000F007C117D /* Sources */ = {
			isa = PBXSourcesBuildPhase;
			buildActionMask = 2147483647;
			files = (
				DDC17F65252DC2A4000B747E /* NavigationTool.m in Sources */,
				DDAC73B0253000C300DB49CD /* SpeakerUtil.m in Sources */,
				74858FAF1ED2DC5600515810 /* AppDelegate.swift in Sources */,
				1498D2341E8E89220040F4C2 /* GeneratedPluginRegistrant.m in Sources */,
				DD27F5942537100800678783 /* SystemUtil.m in Sources */,
				DD9E44B825347F2E00BDDE4C /* ShareTool.m in Sources */,
			);
			runOnlyForDeploymentPostprocessing = 0;
		};
/* End PBXSourcesBuildPhase section */

/* Begin PBXVariantGroup section */
		97C146FA1CF9000F007C117D /* Main.storyboard */ = {
			isa = PBXVariantGroup;
			children = (
				97C146FB1CF9000F007C117D /* Base */,
			);
			name = Main.storyboard;
			sourceTree = "<group>";
		};
		97C146FF1CF9000F007C117D /* LaunchScreen.storyboard */ = {
			isa = PBXVariantGroup;
			children = (
				97C147001CF9000F007C117D /* Base */,
			);
			name = LaunchScreen.storyboard;
			sourceTree = "<group>";
		};
/* End PBXVariantGroup section */

/* Begin XCBuildConfiguration section */
		249021D3217E4FDB00AE95B9 /* Profile */ = {
			isa = XCBuildConfiguration;
			buildSettings = {
				ALWAYS_SEARCH_USER_PATHS = NO;
				CLANG_ANALYZER_NONNULL = YES;
				CLANG_CXX_LANGUAGE_STANDARD = "gnu++0x";
				CLANG_CXX_LIBRARY = "libc++";
				CLANG_ENABLE_MODULES = YES;
				CLANG_ENABLE_OBJC_ARC = YES;
				CLANG_WARN_BLOCK_CAPTURE_AUTORELEASING = YES;
				CLANG_WARN_BOOL_CONVERSION = YES;
				CLANG_WARN_COMMA = YES;
				CLANG_WARN_CONSTANT_CONVERSION = YES;
				CLANG_WARN_DEPRECATED_OBJC_IMPLEMENTATIONS = YES;
				CLANG_WARN_DIRECT_OBJC_ISA_USAGE = YES_ERROR;
				CLANG_WARN_EMPTY_BODY = YES;
				CLANG_WARN_ENUM_CONVERSION = YES;
				CLANG_WARN_INFINITE_RECURSION = YES;
				CLANG_WARN_INT_CONVERSION = YES;
				CLANG_WARN_NON_LITERAL_NULL_CONVERSION = YES;
				CLANG_WARN_OBJC_IMPLICIT_RETAIN_SELF = YES;
				CLANG_WARN_OBJC_LITERAL_CONVERSION = YES;
				CLANG_WARN_OBJC_ROOT_CLASS = YES_ERROR;
				CLANG_WARN_RANGE_LOOP_ANALYSIS = YES;
				CLANG_WARN_STRICT_PROTOTYPES = YES;
				CLANG_WARN_SUSPICIOUS_MOVE = YES;
				CLANG_WARN_UNREACHABLE_CODE = YES;
				CLANG_WARN__DUPLICATE_METHOD_MATCH = YES;
				"CODE_SIGN_IDENTITY[sdk=iphoneos*]" = "iPhone Developer";
				COPY_PHASE_STRIP = NO;
				DEBUG_INFORMATION_FORMAT = "dwarf-with-dsym";
				ENABLE_NS_ASSERTIONS = NO;
				ENABLE_STRICT_OBJC_MSGSEND = YES;
				GCC_C_LANGUAGE_STANDARD = gnu99;
				GCC_NO_COMMON_BLOCKS = YES;
				GCC_WARN_64_TO_32_BIT_CONVERSION = YES;
				GCC_WARN_ABOUT_RETURN_TYPE = YES_ERROR;
				GCC_WARN_UNDECLARED_SELECTOR = YES;
				GCC_WARN_UNINITIALIZED_AUTOS = YES_AGGRESSIVE;
				GCC_WARN_UNUSED_FUNCTION = YES;
				GCC_WARN_UNUSED_VARIABLE = YES;
				IPHONEOS_DEPLOYMENT_TARGET = 8.0;
				MTL_ENABLE_DEBUG_INFO = NO;
				SDKROOT = iphoneos;
				SUPPORTED_PLATFORMS = iphoneos;
				TARGETED_DEVICE_FAMILY = "1,2";
				VALIDATE_PRODUCT = YES;
			};
			name = Profile;
		};
		249021D4217E4FDB00AE95B9 /* Profile */ = {
			isa = XCBuildConfiguration;
			baseConfigurationReference = 7AFA3C8E1D35360C0083082E /* Release.xcconfig */;
			buildSettings = {
				ASSETCATALOG_COMPILER_APPICON_NAME = AppIcon;
				ASSETCATALOG_COMPILER_LAUNCHIMAGE_NAME = "";
				CLANG_ENABLE_MODULES = YES;
				CURRENT_PROJECT_VERSION = "$(FLUTTER_BUILD_NUMBER)";
				DEVELOPMENT_TEAM = 3994VLPW3Z;
				ENABLE_BITCODE = NO;
				FRAMEWORK_SEARCH_PATHS = (
					"$(inherited)",
					"$(PROJECT_DIR)/Flutter",
					"$(PROJECT_DIR)",
					"$(PROJECT_DIR)/Runner/ShareSDK/Support/PlatformSDK/QQSDK",
					"$(PROJECT_DIR)/Runner/ShareSDK/Support/Required",
					"$(PROJECT_DIR)/Runner/ShareSDK/Support/Optional",
					"$(PROJECT_DIR)/Runner/ShareSDK/Support/PlatformConnector",
					"$(PROJECT_DIR)/Runner/ShareSDK",
					"$(PROJECT_DIR)/Runner/SDK/ShareSDK/Support/PlatformSDK/QQSDK",
					"$(PROJECT_DIR)/Runner/SDK/ShareSDK/Support/Required",
					"$(PROJECT_DIR)/Runner/SDK/ShareSDK/Support/Optional",
					"$(PROJECT_DIR)/Runner/SDK/ShareSDK/Support/PlatformConnector",
					"$(PROJECT_DIR)/Runner/SDK/ShareSDK",
					"$(PROJECT_DIR)/Runner/SDK/Required",
				);
				INFOPLIST_FILE = Runner/Info.plist;
				LD_RUNPATH_SEARCH_PATHS = (
					"$(inherited)",
					"@executable_path/Frameworks",
				);
				LIBRARY_SEARCH_PATHS = (
					"$(inherited)",
					"$(PROJECT_DIR)/Flutter",
					"$(PROJECT_DIR)/Runner/ShareSDK/Support/PlatformSDK/WeChatSDK",
					"$(PROJECT_DIR)/Runner/ShareSDK/Support/PlatformSDK/APSocialSDK",
					"$(PROJECT_DIR)/Runner/SDK/ShareSDK/Support/PlatformSDK/WeChatSDK",
					"$(PROJECT_DIR)/Runner/SDK/ShareSDK/Support/PlatformSDK/APSocialSDK",
				);
				OTHER_LDFLAGS = (
					"$(inherited)",
					"-framework",
					Flutter,
					"-ObjC",
				);
				PRODUCT_BUNDLE_IDENTIFIER = com.jidier.keji.jidier;
				PRODUCT_NAME = "$(TARGET_NAME)";
				SWIFT_OBJC_BRIDGING_HEADER = "Runner/Runner-Bridging-Header.h";
				SWIFT_VERSION = 5.0;
				VERSIONING_SYSTEM = "apple-generic";
			};
			name = Profile;
		};
		97C147031CF9000F007C117D /* Debug */ = {
			isa = XCBuildConfiguration;
			buildSettings = {
				ALWAYS_SEARCH_USER_PATHS = NO;
				CLANG_ANALYZER_NONNULL = YES;
				CLANG_CXX_LANGUAGE_STANDARD = "gnu++0x";
				CLANG_CXX_LIBRARY = "libc++";
				CLANG_ENABLE_MODULES = YES;
				CLANG_ENABLE_OBJC_ARC = YES;
				CLANG_WARN_BLOCK_CAPTURE_AUTORELEASING = YES;
				CLANG_WARN_BOOL_CONVERSION = YES;
				CLANG_WARN_COMMA = YES;
				CLANG_WARN_CONSTANT_CONVERSION = YES;
				CLANG_WARN_DEPRECATED_OBJC_IMPLEMENTATIONS = YES;
				CLANG_WARN_DIRECT_OBJC_ISA_USAGE = YES_ERROR;
				CLANG_WARN_EMPTY_BODY = YES;
				CLANG_WARN_ENUM_CONVERSION = YES;
				CLANG_WARN_INFINITE_RECURSION = YES;
				CLANG_WARN_INT_CONVERSION = YES;
				CLANG_WARN_NON_LITERAL_NULL_CONVERSION = YES;
				CLANG_WARN_OBJC_IMPLICIT_RETAIN_SELF = YES;
				CLANG_WARN_OBJC_LITERAL_CONVERSION = YES;
				CLANG_WARN_OBJC_ROOT_CLASS = YES_ERROR;
				CLANG_WARN_RANGE_LOOP_ANALYSIS = YES;
				CLANG_WARN_STRICT_PROTOTYPES = YES;
				CLANG_WARN_SUSPICIOUS_MOVE = YES;
				CLANG_WARN_UNREACHABLE_CODE = YES;
				CLANG_WARN__DUPLICATE_METHOD_MATCH = YES;
				"CODE_SIGN_IDENTITY[sdk=iphoneos*]" = "iPhone Developer";
				COPY_PHASE_STRIP = NO;
				DEBUG_INFORMATION_FORMAT = dwarf;
				ENABLE_STRICT_OBJC_MSGSEND = YES;
				ENABLE_TESTABILITY = YES;
				GCC_C_LANGUAGE_STANDARD = gnu99;
				GCC_DYNAMIC_NO_PIC = NO;
				GCC_NO_COMMON_BLOCKS = YES;
				GCC_OPTIMIZATION_LEVEL = 0;
				GCC_PREPROCESSOR_DEFINITIONS = (
					"DEBUG=1",
					"$(inherited)",
				);
				GCC_WARN_64_TO_32_BIT_CONVERSION = YES;
				GCC_WARN_ABOUT_RETURN_TYPE = YES_ERROR;
				GCC_WARN_UNDECLARED_SELECTOR = YES;
				GCC_WARN_UNINITIALIZED_AUTOS = YES_AGGRESSIVE;
				GCC_WARN_UNUSED_FUNCTION = YES;
				GCC_WARN_UNUSED_VARIABLE = YES;
				IPHONEOS_DEPLOYMENT_TARGET = 8.0;
				MTL_ENABLE_DEBUG_INFO = YES;
				ONLY_ACTIVE_ARCH = YES;
				SDKROOT = iphoneos;
				TARGETED_DEVICE_FAMILY = "1,2";
			};
			name = Debug;
		};
		97C147041CF9000F007C117D /* Release */ = {
			isa = XCBuildConfiguration;
			buildSettings = {
				ALWAYS_SEARCH_USER_PATHS = NO;
				CLANG_ANALYZER_NONNULL = YES;
				CLANG_CXX_LANGUAGE_STANDARD = "gnu++0x";
				CLANG_CXX_LIBRARY = "libc++";
				CLANG_ENABLE_MODULES = YES;
				CLANG_ENABLE_OBJC_ARC = YES;
				CLANG_WARN_BLOCK_CAPTURE_AUTORELEASING = YES;
				CLANG_WARN_BOOL_CONVERSION = YES;
				CLANG_WARN_COMMA = YES;
				CLANG_WARN_CONSTANT_CONVERSION = YES;
				CLANG_WARN_DEPRECATED_OBJC_IMPLEMENTATIONS = YES;
				CLANG_WARN_DIRECT_OBJC_ISA_USAGE = YES_ERROR;
				CLANG_WARN_EMPTY_BODY = YES;
				CLANG_WARN_ENUM_CONVERSION = YES;
				CLANG_WARN_INFINITE_RECURSION = YES;
				CLANG_WARN_INT_CONVERSION = YES;
				CLANG_WARN_NON_LITERAL_NULL_CONVERSION = YES;
				CLANG_WARN_OBJC_IMPLICIT_RETAIN_SELF = YES;
				CLANG_WARN_OBJC_LITERAL_CONVERSION = YES;
				CLANG_WARN_OBJC_ROOT_CLASS = YES_ERROR;
				CLANG_WARN_RANGE_LOOP_ANALYSIS = YES;
				CLANG_WARN_STRICT_PROTOTYPES = YES;
				CLANG_WARN_SUSPICIOUS_MOVE = YES;
				CLANG_WARN_UNREACHABLE_CODE = YES;
				CLANG_WARN__DUPLICATE_METHOD_MATCH = YES;
				"CODE_SIGN_IDENTITY[sdk=iphoneos*]" = "iPhone Developer";
				COPY_PHASE_STRIP = NO;
				DEBUG_INFORMATION_FORMAT = "dwarf-with-dsym";
				ENABLE_NS_ASSERTIONS = NO;
				ENABLE_STRICT_OBJC_MSGSEND = YES;
				GCC_C_LANGUAGE_STANDARD = gnu99;
				GCC_NO_COMMON_BLOCKS = YES;
				GCC_WARN_64_TO_32_BIT_CONVERSION = YES;
				GCC_WARN_ABOUT_RETURN_TYPE = YES_ERROR;
				GCC_WARN_UNDECLARED_SELECTOR = YES;
				GCC_WARN_UNINITIALIZED_AUTOS = YES_AGGRESSIVE;
				GCC_WARN_UNUSED_FUNCTION = YES;
				GCC_WARN_UNUSED_VARIABLE = YES;
				IPHONEOS_DEPLOYMENT_TARGET = 8.0;
				MTL_ENABLE_DEBUG_INFO = NO;
				SDKROOT = iphoneos;
				SUPPORTED_PLATFORMS = iphoneos;
				SWIFT_COMPILATION_MODE = wholemodule;
				SWIFT_OPTIMIZATION_LEVEL = "-O";
				TARGETED_DEVICE_FAMILY = "1,2";
				VALIDATE_PRODUCT = YES;
			};
			name = Release;
		};
		97C147061CF9000F007C117D /* Debug */ = {
			isa = XCBuildConfiguration;
			baseConfigurationReference = 9740EEB21CF90195004384FC /* Debug.xcconfig */;
			buildSettings = {
				ASSETCATALOG_COMPILER_APPICON_NAME = AppIcon;
				ASSETCATALOG_COMPILER_LAUNCHIMAGE_NAME = "";
				CLANG_ENABLE_MODULES = YES;
				CURRENT_PROJECT_VERSION = "$(FLUTTER_BUILD_NUMBER)";
				DEVELOPMENT_TEAM = 3994VLPW3Z;
				ENABLE_BITCODE = NO;
				FRAMEWORK_SEARCH_PATHS = (
					"$(inherited)",
					"$(PROJECT_DIR)/Flutter",
					"$(PROJECT_DIR)",
					"$(PROJECT_DIR)/Runner/ShareSDK/Support/PlatformSDK/QQSDK",
					"$(PROJECT_DIR)/Runner/ShareSDK/Support/Required",
					"$(PROJECT_DIR)/Runner/ShareSDK/Support/Optional",
					"$(PROJECT_DIR)/Runner/ShareSDK/Support/PlatformConnector",
					"$(PROJECT_DIR)/Runner/ShareSDK",
					"$(PROJECT_DIR)/Runner/SDK/ShareSDK/Support/PlatformSDK/QQSDK",
					"$(PROJECT_DIR)/Runner/SDK/ShareSDK/Support/Required",
					"$(PROJECT_DIR)/Runner/SDK/ShareSDK/Support/Optional",
					"$(PROJECT_DIR)/Runner/SDK/ShareSDK/Support/PlatformConnector",
					"$(PROJECT_DIR)/Runner/SDK/ShareSDK",
					"$(PROJECT_DIR)/Runner/SDK/Required",
				);
				INFOPLIST_FILE = Runner/Info.plist;
				LD_RUNPATH_SEARCH_PATHS = (
					"$(inherited)",
					"@executable_path/Frameworks",
				);
				LIBRARY_SEARCH_PATHS = (
					"$(inherited)",
					"$(PROJECT_DIR)/Flutter",
					"$(PROJECT_DIR)/Runner/ShareSDK/Support/PlatformSDK/WeChatSDK",
					"$(PROJECT_DIR)/Runner/ShareSDK/Support/PlatformSDK/APSocialSDK",
					"$(PROJECT_DIR)/Runner/SDK/ShareSDK/Support/PlatformSDK/WeChatSDK",
					"$(PROJECT_DIR)/Runner/SDK/ShareSDK/Support/PlatformSDK/APSocialSDK",
				);
				OTHER_LDFLAGS = (
					"$(inherited)",
					"-framework",
					Flutter,
					"-ObjC",
				);
				PRODUCT_BUNDLE_IDENTIFIER = com.jidier.keji.jidier;
				PRODUCT_NAME = "$(TARGET_NAME)";
				SWIFT_OBJC_BRIDGING_HEADER = "Runner/Runner-Bridging-Header.h";
				SWIFT_OPTIMIZATION_LEVEL = "-Onone";
				SWIFT_VERSION = 5.0;
				VERSIONING_SYSTEM = "apple-generic";
			};
			name = Debug;
		};
		97C147071CF9000F007C117D /* Release */ = {
			isa = XCBuildConfiguration;
			baseConfigurationReference = 7AFA3C8E1D35360C0083082E /* Release.xcconfig */;
			buildSettings = {
				ASSETCATALOG_COMPILER_APPICON_NAME = AppIcon;
				ASSETCATALOG_COMPILER_LAUNCHIMAGE_NAME = "";
				CLANG_ENABLE_MODULES = YES;
				CURRENT_PROJECT_VERSION = "$(FLUTTER_BUILD_NUMBER)";
				DEVELOPMENT_TEAM = 3994VLPW3Z;
				ENABLE_BITCODE = NO;
				FRAMEWORK_SEARCH_PATHS = (
					"$(inherited)",
					"$(PROJECT_DIR)/Flutter",
					"$(PROJECT_DIR)",
					"$(PROJECT_DIR)/Runner/ShareSDK/Support/PlatformSDK/QQSDK",
					"$(PROJECT_DIR)/Runner/ShareSDK/Support/Required",
					"$(PROJECT_DIR)/Runner/ShareSDK/Support/Optional",
					"$(PROJECT_DIR)/Runner/ShareSDK/Support/PlatformConnector",
					"$(PROJECT_DIR)/Runner/ShareSDK",
					"$(PROJECT_DIR)/Runner/SDK/ShareSDK/Support/PlatformSDK/QQSDK",
					"$(PROJECT_DIR)/Runner/SDK/ShareSDK/Support/Required",
					"$(PROJECT_DIR)/Runner/SDK/ShareSDK/Support/Optional",
					"$(PROJECT_DIR)/Runner/SDK/ShareSDK/Support/PlatformConnector",
					"$(PROJECT_DIR)/Runner/SDK/ShareSDK",
					"$(PROJECT_DIR)/Runner/SDK/Required",
				);
				INFOPLIST_FILE = Runner/Info.plist;
				LD_RUNPATH_SEARCH_PATHS = (
					"$(inherited)",
					"@executable_path/Frameworks",
				);
				LIBRARY_SEARCH_PATHS = (
					"$(inherited)",
					"$(PROJECT_DIR)/Flutter",
					"$(PROJECT_DIR)/Runner/ShareSDK/Support/PlatformSDK/WeChatSDK",
					"$(PROJECT_DIR)/Runner/ShareSDK/Support/PlatformSDK/APSocialSDK",
					"$(PROJECT_DIR)/Runner/SDK/ShareSDK/Support/PlatformSDK/WeChatSDK",
					"$(PROJECT_DIR)/Runner/SDK/ShareSDK/Support/PlatformSDK/APSocialSDK",
				);
				OTHER_LDFLAGS = (
					"$(inherited)",
					"-framework",
					Flutter,
					"-ObjC",
				);
				PRODUCT_BUNDLE_IDENTIFIER = com.jidier.keji.jidier;
				PRODUCT_NAME = "$(TARGET_NAME)";
				SWIFT_OBJC_BRIDGING_HEADER = "Runner/Runner-Bridging-Header.h";
				SWIFT_VERSION = 5.0;
				VERSIONING_SYSTEM = "apple-generic";
			};
			name = Release;
		};
/* End XCBuildConfiguration section */

/* Begin XCConfigurationList section */
		97C146E91CF9000F007C117D /* Build configuration list for PBXProject "Runner" */ = {
			isa = XCConfigurationList;
			buildConfigurations = (
				97C147031CF9000F007C117D /* Debug */,
				97C147041CF9000F007C117D /* Release */,
				249021D3217E4FDB00AE95B9 /* Profile */,
			);
			defaultConfigurationIsVisible = 0;
			defaultConfigurationName = Release;
		};
		97C147051CF9000F007C117D /* Build configuration list for PBXNativeTarget "Runner" */ = {
			isa = XCConfigurationList;
			buildConfigurations = (
				97C147061CF9000F007C117D /* Debug */,
				97C147071CF9000F007C117D /* Release */,
				249021D4217E4FDB00AE95B9 /* Profile */,
			);
			defaultConfigurationIsVisible = 0;
			defaultConfigurationName = Release;
		};
/* End XCConfigurationList section */
	};
	rootObject = 97C146E61CF9000F007C117D /* Project object */;
}
